
Microsoft Visual Studio Solution File, Format Version 12.00
# Visual Studio Version 16
VisualStudioVersion = 16.0.30717.126
MinimumVisualStudioVersion = 10.0.40219.1
Project("{9A19103F-16F7-4668-BE54-9A1E7A4F7556}") = "Day1", "Day1\Day1.csproj", "{E812B46D-D907-4213-B74C-4F8A2AEA943E}"
EndProject
Project("{9A19103F-16F7-4668-BE54-9A1E7A4F7556}") = "Day2", "Day2\Day2.csproj", "{8F79A1C5-6E76-4519-9E14-94F92C3A7692}"
EndProject
Project("{9A19103F-16F7-4668-BE54-9A1E7A4F7556}") = "Day3", "Day3\Day3.csproj", "{A31506B8-9A46-4144-9DF8-AC0FE38210F8}"
EndProject
Project("{9A19103F-16F7-4668-BE54-9A1E7A4F7556}") = "Day4", "Day4\Day4.csproj", "{BFE1BD54-3F00-4ACA-837A-2B26E0B26FE0}"
EndProject
Project("{9A19103F-16F7-4668-BE54-9A1E7A4F7556}") = "Day5", "Day5\Day5.csproj", "{D8A7A54C-40AA-498F-9FAF-029E5DEF3DB0}"
EndProject
Project("{9A19103F-16F7-4668-BE54-9A1E7A4F7556}") = "Day6", "Day6\Day6.csproj", "{F219867F-4238-45A1-8BEC-412BC15FEF8E}"
EndProject
Project("{9A19103F-16F7-4668-BE54-9A1E7A4F7556}") = "Day7", "Day7\Day7.csproj", "{8AF02914-2F05-4F25-ABC2-676BA4250C95}"
EndProject
Project("{9A19103F-16F7-4668-BE54-9A1E7A4F7556}") = "Day8", "Day8\Day8.csproj", "{F05D6CB3-4C50-4637-B987-5706164B2C87}"
EndProject
Project("{FAE04EC0-301F-11D3-BF4B-00C04F79EFBC}") = "Day9", "Day9\Day9.csproj", "{7630808B-F88B-456F-A35A-B6DA36734488}"
EndProject
Project("{FAE04EC0-301F-11D3-BF4B-00C04F79EFBC}") = "Day10", "Day10\Day10.csproj", "{47536731-A37B-4F41-9B85-3BB880ED9000}"
EndProject
Project("{FAE04EC0-301F-11D3-BF4B-00C04F79EFBC}") = "Day11", "Day11\Day11.csproj", "{2DB45370-FB7F-4670-B1EB-2E98712D5B4D}"
EndProject
Project("{FAE04EC0-301F-11D3-BF4B-00C04F79EFBC}") = "Day12", "Day12\Day12.csproj", "{84338F9B-C89C-469D-9400-28EFBD7CF9F8}"
EndProject
Project("{FAE04EC0-301F-11D3-BF4B-00C04F79EFBC}") = "Day13", "Day13\Day13.csproj", "{840536BC-09E4-40A3-BE59-13C0A37B559B}"
EndProject
Project("{FAE04EC0-301F-11D3-BF4B-00C04F79EFBC}") = "Day14", "Day14\Day14.csproj", "{1C672DC9-06C2-4292-B073-1492460A0A1E}"
EndProject
Project("{FAE04EC0-301F-11D3-BF4B-00C04F79EFBC}") = "Day15", "Day15\Day15.csproj", "{35FDAB2A-3060-424F-A0B0-F2E309929A90}"
EndProject
Project("{FAE04EC0-301F-11D3-BF4B-00C04F79EFBC}") = "Day16", "Day16\Day16.csproj", "{FE9472C0-7958-4192-9C45-2DE2029CF463}"
EndProject
Project("{FAE04EC0-301F-11D3-BF4B-00C04F79EFBC}") = "Day17", "Day17\Day17.csproj", "{F1A62593-598B-47E7-A669-E10E95F571CF}"
EndProject
Project("{FAE04EC0-301F-11D3-BF4B-00C04F79EFBC}") = "Day18", "Day18\Day18.csproj", "{6D394750-E46B-4FFF-9CB5-C9106B8191BB}"
EndProject
Project("{FAE04EC0-301F-11D3-BF4B-00C04F79EFBC}") = "Day19", "Day19\Day19.csproj", "{D8B42E16-630D-4833-AC78-7276F6B196FC}"
EndProject
Project("{FAE04EC0-301F-11D3-BF4B-00C04F79EFBC}") = "Day20", "Day20\Day20.csproj", "{F5C945BD-3A85-42A0-A5AB-973730BE87B2}"
EndProject
Project("{FAE04EC0-301F-11D3-BF4B-00C04F79EFBC}") = "Day21", "Day21\Day21.csproj", "{E05820C9-28F7-4EB9-85DA-5ADA7C5B6EFA}"
EndProject
Project("{FAE04EC0-301F-11D3-BF4B-00C04F79EFBC}") = "Day22", "Day22\Day22.csproj", "{2D660CB3-DD50-4732-B97F-574074C7717C}"
EndProject
Project("{FAE04EC0-301F-11D3-BF4B-00C04F79EFBC}") = "Day23", "Day23\Day23.csproj", "{D7EE1465-79FE-4A8E-87DA-97F85BB28A1A}"
EndProject
Project("{FAE04EC0-301F-11D3-BF4B-00C04F79EFBC}") = "Day24", "Day24\Day24.csproj", "{B5EF0BDA-18C1-4818-895F-FE563295255D}"
EndProject
Project("{FAE04EC0-301F-11D3-BF4B-00C04F79EFBC}") = "Day25", "Day25\Day25.csproj", "{5ADF4C2F-9910-45A5-947E-FDD6CBCF7BD5}"
EndProject
Global
	GlobalSection(SolutionConfigurationPlatforms) = preSolution
		Debug|Any CPU = Debug|Any CPU
		Release|Any CPU = Release|Any CPU
	EndGlobalSection
	GlobalSection(ProjectConfigurationPlatforms) = postSolution
		{E812B46D-D907-4213-B74C-4F8A2AEA943E}.Debug|Any CPU.ActiveCfg = Debug|Any CPU
		{E812B46D-D907-4213-B74C-4F8A2AEA943E}.Debug|Any CPU.Build.0 = Debug|Any CPU
		{E812B46D-D907-4213-B74C-4F8A2AEA943E}.Release|Any CPU.ActiveCfg = Release|Any CPU
		{E812B46D-D907-4213-B74C-4F8A2AEA943E}.Release|Any CPU.Build.0 = Release|Any CPU
		{8F79A1C5-6E76-4519-9E14-94F92C3A7692}.Debug|Any CPU.ActiveCfg = Debug|Any CPU
		{8F79A1C5-6E76-4519-9E14-94F92C3A7692}.Debug|Any CPU.Build.0 = Debug|Any CPU
		{8F79A1C5-6E76-4519-9E14-94F92C3A7692}.Release|Any CPU.ActiveCfg = Release|Any CPU
		{8F79A1C5-6E76-4519-9E14-94F92C3A7692}.Release|Any CPU.Build.0 = Release|Any CPU
		{A31506B8-9A46-4144-9DF8-AC0FE38210F8}.Debug|Any CPU.ActiveCfg = Debug|Any CPU
		{A31506B8-9A46-4144-9DF8-AC0FE38210F8}.Debug|Any CPU.Build.0 = Debug|Any CPU
		{A31506B8-9A46-4144-9DF8-AC0FE38210F8}.Release|Any CPU.ActiveCfg = Release|Any CPU
		{A31506B8-9A46-4144-9DF8-AC0FE38210F8}.Release|Any CPU.Build.0 = Release|Any CPU
		{BFE1BD54-3F00-4ACA-837A-2B26E0B26FE0}.Debug|Any CPU.ActiveCfg = Debug|Any CPU
		{BFE1BD54-3F00-4ACA-837A-2B26E0B26FE0}.Debug|Any CPU.Build.0 = Debug|Any CPU
		{BFE1BD54-3F00-4ACA-837A-2B26E0B26FE0}.Release|Any CPU.ActiveCfg = Release|Any CPU
		{BFE1BD54-3F00-4ACA-837A-2B26E0B26FE0}.Release|Any CPU.Build.0 = Release|Any CPU
		{D8A7A54C-40AA-498F-9FAF-029E5DEF3DB0}.Debug|Any CPU.ActiveCfg = Debug|Any CPU
		{D8A7A54C-40AA-498F-9FAF-029E5DEF3DB0}.Debug|Any CPU.Build.0 = Debug|Any CPU
		{D8A7A54C-40AA-498F-9FAF-029E5DEF3DB0}.Release|Any CPU.ActiveCfg = Release|Any CPU
		{D8A7A54C-40AA-498F-9FAF-029E5DEF3DB0}.Release|Any CPU.Build.0 = Release|Any CPU
		{F219867F-4238-45A1-8BEC-412BC15FEF8E}.Debug|Any CPU.ActiveCfg = Debug|Any CPU
		{F219867F-4238-45A1-8BEC-412BC15FEF8E}.Debug|Any CPU.Build.0 = Debug|Any CPU
		{F219867F-4238-45A1-8BEC-412BC15FEF8E}.Release|Any CPU.ActiveCfg = Release|Any CPU
		{F219867F-4238-45A1-8BEC-412BC15FEF8E}.Release|Any CPU.Build.0 = Release|Any CPU
		{8AF02914-2F05-4F25-ABC2-676BA4250C95}.Debug|Any CPU.ActiveCfg = Debug|Any CPU
		{8AF02914-2F05-4F25-ABC2-676BA4250C95}.Debug|Any CPU.Build.0 = Debug|Any CPU
		{8AF02914-2F05-4F25-ABC2-676BA4250C95}.Release|Any CPU.ActiveCfg = Release|Any CPU
		{8AF02914-2F05-4F25-ABC2-676BA4250C95}.Release|Any CPU.Build.0 = Release|Any CPU
		{F05D6CB3-4C50-4637-B987-5706164B2C87}.Debug|Any CPU.ActiveCfg = Debug|Any CPU
		{F05D6CB3-4C50-4637-B987-5706164B2C87}.Debug|Any CPU.Build.0 = Debug|Any CPU
		{F05D6CB3-4C50-4637-B987-5706164B2C87}.Release|Any CPU.ActiveCfg = Release|Any CPU
		{F05D6CB3-4C50-4637-B987-5706164B2C87}.Release|Any CPU.Build.0 = Release|Any CPU
		{7630808B-F88B-456F-A35A-B6DA36734488}.Debug|Any CPU.ActiveCfg = Debug|Any CPU
		{7630808B-F88B-456F-A35A-B6DA36734488}.Debug|Any CPU.Build.0 = Debug|Any CPU
		{7630808B-F88B-456F-A35A-B6DA36734488}.Release|Any CPU.ActiveCfg = Release|Any CPU
		{7630808B-F88B-456F-A35A-B6DA36734488}.Release|Any CPU.Build.0 = Release|Any CPU
		{47536731-A37B-4F41-9B85-3BB880ED9000}.Debug|Any CPU.ActiveCfg = Debug|Any CPU
		{47536731-A37B-4F41-9B85-3BB880ED9000}.Debug|Any CPU.Build.0 = Debug|Any CPU
		{47536731-A37B-4F41-9B85-3BB880ED9000}.Release|Any CPU.ActiveCfg = Release|Any CPU
		{47536731-A37B-4F41-9B85-3BB880ED9000}.Release|Any CPU.Build.0 = Release|Any CPU
		{2DB45370-FB7F-4670-B1EB-2E98712D5B4D}.Debug|Any CPU.ActiveCfg = Debug|Any CPU
		{2DB45370-FB7F-4670-B1EB-2E98712D5B4D}.Debug|Any CPU.Build.0 = Debug|Any CPU
		{2DB45370-FB7F-4670-B1EB-2E98712D5B4D}.Release|Any CPU.ActiveCfg = Release|Any CPU
		{2DB45370-FB7F-4670-B1EB-2E98712D5B4D}.Release|Any CPU.Build.0 = Release|Any CPU
		{84338F9B-C89C-469D-9400-28EFBD7CF9F8}.Debug|Any CPU.ActiveCfg = Debug|Any CPU
		{84338F9B-C89C-469D-9400-28EFBD7CF9F8}.Debug|Any CPU.Build.0 = Debug|Any CPU
		{84338F9B-C89C-469D-9400-28EFBD7CF9F8}.Release|Any CPU.ActiveCfg = Release|Any CPU
		{84338F9B-C89C-469D-9400-28EFBD7CF9F8}.Release|Any CPU.Build.0 = Release|Any CPU
		{840536BC-09E4-40A3-BE59-13C0A37B559B}.Debug|Any CPU.ActiveCfg = Debug|Any CPU
		{840536BC-09E4-40A3-BE59-13C0A37B559B}.Debug|Any CPU.Build.0 = Debug|Any CPU
		{840536BC-09E4-40A3-BE59-13C0A37B559B}.Release|Any CPU.ActiveCfg = Release|Any CPU
		{840536BC-09E4-40A3-BE59-13C0A37B559B}.Release|Any CPU.Build.0 = Release|Any CPU
		{1C672DC9-06C2-4292-B073-1492460A0A1E}.Debug|Any CPU.ActiveCfg = Debug|Any CPU
		{1C672DC9-06C2-4292-B073-1492460A0A1E}.Debug|Any CPU.Build.0 = Debug|Any CPU
		{1C672DC9-06C2-4292-B073-1492460A0A1E}.Release|Any CPU.ActiveCfg = Release|Any CPU
		{1C672DC9-06C2-4292-B073-1492460A0A1E}.Release|Any CPU.Build.0 = Release|Any CPU
		{35FDAB2A-3060-424F-A0B0-F2E309929A90}.Debug|Any CPU.ActiveCfg = Debug|Any CPU
		{35FDAB2A-3060-424F-A0B0-F2E309929A90}.Debug|Any CPU.Build.0 = Debug|Any CPU
		{35FDAB2A-3060-424F-A0B0-F2E309929A90}.Release|Any CPU.ActiveCfg = Release|Any CPU
		{35FDAB2A-3060-424F-A0B0-F2E309929A90}.Release|Any CPU.Build.0 = Release|Any CPU
		{FE9472C0-7958-4192-9C45-2DE2029CF463}.Debug|Any CPU.ActiveCfg = Debug|Any CPU
		{FE9472C0-7958-4192-9C45-2DE2029CF463}.Debug|Any CPU.Build.0 = Debug|Any CPU
		{FE9472C0-7958-4192-9C45-2DE2029CF463}.Release|Any CPU.ActiveCfg = Release|Any CPU
		{FE9472C0-7958-4192-9C45-2DE2029CF463}.Release|Any CPU.Build.0 = Release|Any CPU
		{F1A62593-598B-47E7-A669-E10E95F571CF}.Debug|Any CPU.ActiveCfg = Debug|Any CPU
		{F1A62593-598B-47E7-A669-E10E95F571CF}.Debug|Any CPU.Build.0 = Debug|Any CPU
		{F1A62593-598B-47E7-A669-E10E95F571CF}.Release|Any CPU.ActiveCfg = Release|Any CPU
		{F1A62593-598B-47E7-A669-E10E95F571CF}.Release|Any CPU.Build.0 = Release|Any CPU
		{6D394750-E46B-4FFF-9CB5-C9106B8191BB}.Debug|Any CPU.ActiveCfg = Debug|Any CPU
		{6D394750-E46B-4FFF-9CB5-C9106B8191BB}.Debug|Any CPU.Build.0 = Debug|Any CPU
		{6D394750-E46B-4FFF-9CB5-C9106B8191BB}.Release|Any CPU.ActiveCfg = Release|Any CPU
		{6D394750-E46B-4FFF-9CB5-C9106B8191BB}.Release|Any CPU.Build.0 = Release|Any CPU
		{D8B42E16-630D-4833-AC78-7276F6B196FC}.Debug|Any CPU.ActiveCfg = Debug|Any CPU
		{D8B42E16-630D-4833-AC78-7276F6B196FC}.Debug|Any CPU.Build.0 = Debug|Any CPU
		{D8B42E16-630D-4833-AC78-7276F6B196FC}.Release|Any CPU.ActiveCfg = Release|Any CPU
		{D8B42E16-630D-4833-AC78-7276F6B196FC}.Release|Any CPU.Build.0 = Release|Any CPU
		{F5C945BD-3A85-42A0-A5AB-973730BE87B2}.Debug|Any CPU.ActiveCfg = Debug|Any CPU
		{F5C945BD-3A85-42A0-A5AB-973730BE87B2}.Debug|Any CPU.Build.0 = Debug|Any CPU
		{F5C945BD-3A85-42A0-A5AB-973730BE87B2}.Release|Any CPU.ActiveCfg = Release|Any CPU
		{F5C945BD-3A85-42A0-A5AB-973730BE87B2}.Release|Any CPU.Build.0 = Release|Any CPU
		{E05820C9-28F7-4EB9-85DA-5ADA7C5B6EFA}.Debug|Any CPU.ActiveCfg = Debug|Any CPU
		{E05820C9-28F7-4EB9-85DA-5ADA7C5B6EFA}.Debug|Any CPU.Build.0 = Debug|Any CPU
		{E05820C9-28F7-4EB9-85DA-5ADA7C5B6EFA}.Release|Any CPU.ActiveCfg = Release|Any CPU
		{E05820C9-28F7-4EB9-85DA-5ADA7C5B6EFA}.Release|Any CPU.Build.0 = Release|Any CPU
		{2D660CB3-DD50-4732-B97F-574074C7717C}.Debug|Any CPU.ActiveCfg = Debug|Any CPU
		{2D660CB3-DD50-4732-B97F-574074C7717C}.Debug|Any CPU.Build.0 = Debug|Any CPU
		{2D660CB3-DD50-4732-B97F-574074C7717C}.Release|Any CPU.ActiveCfg = Release|Any CPU
		{2D660CB3-DD50-4732-B97F-574074C7717C}.Release|Any CPU.Build.0 = Release|Any CPU
		{D7EE1465-79FE-4A8E-87DA-97F85BB28A1A}.Debug|Any CPU.ActiveCfg = Debug|Any CPU
		{D7EE1465-79FE-4A8E-87DA-97F85BB28A1A}.Debug|Any CPU.Build.0 = Debug|Any CPU
		{D7EE1465-79FE-4A8E-87DA-97F85BB28A1A}.Release|Any CPU.ActiveCfg = Release|Any CPU
		{D7EE1465-79FE-4A8E-87DA-97F85BB28A1A}.Release|Any CPU.Build.0 = Release|Any CPU
		{B5EF0BDA-18C1-4818-895F-FE563295255D}.Debug|Any CPU.ActiveCfg = Debug|Any CPU
		{B5EF0BDA-18C1-4818-895F-FE563295255D}.Debug|Any CPU.Build.0 = Debug|Any CPU
		{B5EF0BDA-18C1-4818-895F-FE563295255D}.Release|Any CPU.ActiveCfg = Release|Any CPU
		{B5EF0BDA-18C1-4818-895F-FE563295255D}.Release|Any CPU.Build.0 = Release|Any CPU
		{5ADF4C2F-9910-45A5-947E-FDD6CBCF7BD5}.Debug|Any CPU.ActiveCfg = Debug|Any CPU
		{5ADF4C2F-9910-45A5-947E-FDD6CBCF7BD5}.Debug|Any CPU.Build.0 = Debug|Any CPU
		{5ADF4C2F-9910-45A5-947E-FDD6CBCF7BD5}.Release|Any CPU.ActiveCfg = Release|Any CPU
		{5ADF4C2F-9910-45A5-947E-FDD6CBCF7BD5}.Release|Any CPU.Build.0 = Release|Any CPU
	EndGlobalSection
	GlobalSection(SolutionProperties) = preSolution
		HideSolutionNode = FALSE
	EndGlobalSection
	GlobalSection(ExtensibilityGlobals) = postSolution
		SolutionGuid = {2DF291AD-D87F-47A4-ADFD-43EED3457107}
	EndGlobalSection
EndGlobal
