
Microsoft Visual Studio Solution File, Format Version 12.00
# Visual Studio Version 16
VisualStudioVersion = 16.0.30717.126
MinimumVisualStudioVersion = 10.0.40219.1
Project("{FAE04EC0-301F-11D3-BF4B-00C04F79EFBC}") = "Day10", "Day10\Day10.csproj", "{47536731-A37B-4F41-9B85-3BB880ED9000}"
EndProject
Project("{FAE04EC0-301F-11D3-BF4B-00C04F79EFBC}") = "Day11", "Day11\Day11.csproj", "{2DB45370-FB7F-4670-B1EB-2E98712D5B4D}"
EndProject
Project("{FAE04EC0-301F-11D3-BF4B-00C04F79EFBC}") = "Day12", "Day12\Day12.csproj", "{84338F9B-C89C-469D-9400-28EFBD7CF9F8}"
EndProject
Project("{FAE04EC0-301F-11D3-BF4B-00C04F79EFBC}") = "Day13", "Day13\Day13.csproj", "{840536BC-09E4-40A3-BE59-13C0A37B559B}"
EndProject
Project("{FAE04EC0-301F-11D3-BF4B-00C04F79EFBC}") = "Day14", "Day14\Day14.csproj", "{1C672DC9-06C2-4292-B073-1492460A0A1E}"
EndProject
Project("{FAE04EC0-301F-11D3-BF4B-00C04F79EFBC}") = "Day15", "Day15\Day15.csproj", "{35FDAB2A-3060-424F-A0B0-F2E309929A90}"
EndProject
Project("{FAE04EC0-301F-11D3-BF4B-00C04F79EFBC}") = "Day16", "Day16\Day16.csproj", "{FE9472C0-7958-4192-9C45-2DE2029CF463}"
EndProject
Project("{FAE04EC0-301F-11D3-BF4B-00C04F79EFBC}") = "Day17", "Day17\Day17.csproj", "{F1A62593-598B-47E7-A669-E10E95F571CF}"
EndProject
Project("{FAE04EC0-301F-11D3-BF4B-00C04F79EFBC}") = "Day18", "Day18\Day18.csproj", "{6D394750-E46B-4FFF-9CB5-C9106B8191BB}"
EndProject
Project("{FAE04EC0-301F-11D3-BF4B-00C04F79EFBC}") = "Day19", "Day19\Day19.csproj", "{D8B42E16-630D-4833-AC78-7276F6B196FC}"
EndProject
Project("{FAE04EC0-301F-11D3-BF4B-00C04F79EFBC}") = "Day20", "Day20\Day20.csproj", "{F5C945BD-3A85-42A0-A5AB-973730BE87B2}"
EndProject
Project("{FAE04EC0-301F-11D3-BF4B-00C04F79EFBC}") = "Day21", "Day21\Day21.csproj", "{E05820C9-28F7-4EB9-85DA-5ADA7C5B6EFA}"
EndProject
Project("{FAE04EC0-301F-11D3-BF4B-00C04F79EFBC}") = "Day22", "Day22\Day22.csproj", "{2D660CB3-DD50-4732-B97F-574074C7717C}"
EndProject
Project("{FAE04EC0-301F-11D3-BF4B-00C04F79EFBC}") = "Day23", "Day23\Day23.csproj", "{D7EE1465-79FE-4A8E-87DA-97F85BB28A1A}"
EndProject
Project("{FAE04EC0-301F-11D3-BF4B-00C04F79EFBC}") = "Day24", "Day24\Day24.csproj", "{B5EF0BDA-18C1-4818-895F-FE563295255D}"
EndProject
Project("{FAE04EC0-301F-11D3-BF4B-00C04F79EFBC}") = "Day25", "Day25\Day25.csproj", "{5ADF4C2F-9910-45A5-947E-FDD6CBCF7BD5}"
EndProject
Project("{9A19103F-16F7-4668-BE54-9A1E7A4F7556}") = "Day09", "Day09\Day09.csproj", "{0951769B-8DF3-4A0C-BC49-4B75B36F6368}"
EndProject
Project("{9A19103F-16F7-4668-BE54-9A1E7A4F7556}") = "Day08", "Day08\Day08.csproj", "{E6210133-093D-4121-809B-B8C591CE183C}"
EndProject
Project("{9A19103F-16F7-4668-BE54-9A1E7A4F7556}") = "Day07", "Day07\Day07.csproj", "{E2357D21-716A-4025-B519-DA8196DC28A7}"
EndProject
Project("{9A19103F-16F7-4668-BE54-9A1E7A4F7556}") = "Day06", "Day06\Day06.csproj", "{10D37D52-4107-41C5-A044-13176E14D79D}"
EndProject
Project("{9A19103F-16F7-4668-BE54-9A1E7A4F7556}") = "Day05", "Day05\Day05.csproj", "{7C2BF38B-6F62-4A86-A033-75B8A796D9AE}"
EndProject
Project("{9A19103F-16F7-4668-BE54-9A1E7A4F7556}") = "Day04", "Day04\Day04.csproj", "{39856CA3-5FDE-4C78-A518-50EACD6F6C62}"
EndProject
Project("{9A19103F-16F7-4668-BE54-9A1E7A4F7556}") = "Day03", "Day03\Day03.csproj", "{942CB7A5-E7B9-42A8-9C64-09EB925D7895}"
EndProject
Project("{9A19103F-16F7-4668-BE54-9A1E7A4F7556}") = "Day02", "Day02\Day02.csproj", "{B0A7AA7C-CCEE-4967-B710-2D2820C7E36E}"
EndProject
Project("{9A19103F-16F7-4668-BE54-9A1E7A4F7556}") = "Day01", "Day01\Day01.csproj", "{FF56AE93-8566-4CE6-812D-5ED62331303B}"
EndProject
Global
	GlobalSection(SolutionConfigurationPlatforms) = preSolution
		Debug|Any CPU = Debug|Any CPU
		Release|Any CPU = Release|Any CPU
	EndGlobalSection
	GlobalSection(ProjectConfigurationPlatforms) = postSolution
		{47536731-A37B-4F41-9B85-3BB880ED9000}.Debug|Any CPU.ActiveCfg = Debug|Any CPU
		{47536731-A37B-4F41-9B85-3BB880ED9000}.Debug|Any CPU.Build.0 = Debug|Any CPU
		{47536731-A37B-4F41-9B85-3BB880ED9000}.Release|Any CPU.ActiveCfg = Release|Any CPU
		{47536731-A37B-4F41-9B85-3BB880ED9000}.Release|Any CPU.Build.0 = Release|Any CPU
		{2DB45370-FB7F-4670-B1EB-2E98712D5B4D}.Debug|Any CPU.ActiveCfg = Debug|Any CPU
		{2DB45370-FB7F-4670-B1EB-2E98712D5B4D}.Debug|Any CPU.Build.0 = Debug|Any CPU
		{2DB45370-FB7F-4670-B1EB-2E98712D5B4D}.Release|Any CPU.ActiveCfg = Release|Any CPU
		{2DB45370-FB7F-4670-B1EB-2E98712D5B4D}.Release|Any CPU.Build.0 = Release|Any CPU
		{84338F9B-C89C-469D-9400-28EFBD7CF9F8}.Debug|Any CPU.ActiveCfg = Debug|Any CPU
		{84338F9B-C89C-469D-9400-28EFBD7CF9F8}.Debug|Any CPU.Build.0 = Debug|Any CPU
		{84338F9B-C89C-469D-9400-28EFBD7CF9F8}.Release|Any CPU.ActiveCfg = Release|Any CPU
		{84338F9B-C89C-469D-9400-28EFBD7CF9F8}.Release|Any CPU.Build.0 = Release|Any CPU
		{840536BC-09E4-40A3-BE59-13C0A37B559B}.Debug|Any CPU.ActiveCfg = Debug|Any CPU
		{840536BC-09E4-40A3-BE59-13C0A37B559B}.Debug|Any CPU.Build.0 = Debug|Any CPU
		{840536BC-09E4-40A3-BE59-13C0A37B559B}.Release|Any CPU.ActiveCfg = Release|Any CPU
		{840536BC-09E4-40A3-BE59-13C0A37B559B}.Release|Any CPU.Build.0 = Release|Any CPU
		{1C672DC9-06C2-4292-B073-1492460A0A1E}.Debug|Any CPU.ActiveCfg = Debug|Any CPU
		{1C672DC9-06C2-4292-B073-1492460A0A1E}.Debug|Any CPU.Build.0 = Debug|Any CPU
		{1C672DC9-06C2-4292-B073-1492460A0A1E}.Release|Any CPU.ActiveCfg = Release|Any CPU
		{1C672DC9-06C2-4292-B073-1492460A0A1E}.Release|Any CPU.Build.0 = Release|Any CPU
		{35FDAB2A-3060-424F-A0B0-F2E309929A90}.Debug|Any CPU.ActiveCfg = Debug|Any CPU
		{35FDAB2A-3060-424F-A0B0-F2E309929A90}.Debug|Any CPU.Build.0 = Debug|Any CPU
		{35FDAB2A-3060-424F-A0B0-F2E309929A90}.Release|Any CPU.ActiveCfg = Release|Any CPU
		{35FDAB2A-3060-424F-A0B0-F2E309929A90}.Release|Any CPU.Build.0 = Release|Any CPU
		{FE9472C0-7958-4192-9C45-2DE2029CF463}.Debug|Any CPU.ActiveCfg = Debug|Any CPU
		{FE9472C0-7958-4192-9C45-2DE2029CF463}.Debug|Any CPU.Build.0 = Debug|Any CPU
		{FE9472C0-7958-4192-9C45-2DE2029CF463}.Release|Any CPU.ActiveCfg = Release|Any CPU
		{FE9472C0-7958-4192-9C45-2DE2029CF463}.Release|Any CPU.Build.0 = Release|Any CPU
		{F1A62593-598B-47E7-A669-E10E95F571CF}.Debug|Any CPU.ActiveCfg = Debug|Any CPU
		{F1A62593-598B-47E7-A669-E10E95F571CF}.Debug|Any CPU.Build.0 = Debug|Any CPU
		{F1A62593-598B-47E7-A669-E10E95F571CF}.Release|Any CPU.ActiveCfg = Release|Any CPU
		{F1A62593-598B-47E7-A669-E10E95F571CF}.Release|Any CPU.Build.0 = Release|Any CPU
		{6D394750-E46B-4FFF-9CB5-C9106B8191BB}.Debug|Any CPU.ActiveCfg = Debug|Any CPU
		{6D394750-E46B-4FFF-9CB5-C9106B8191BB}.Debug|Any CPU.Build.0 = Debug|Any CPU
		{6D394750-E46B-4FFF-9CB5-C9106B8191BB}.Release|Any CPU.ActiveCfg = Release|Any CPU
		{6D394750-E46B-4FFF-9CB5-C9106B8191BB}.Release|Any CPU.Build.0 = Release|Any CPU
		{D8B42E16-630D-4833-AC78-7276F6B196FC}.Debug|Any CPU.ActiveCfg = Debug|Any CPU
		{D8B42E16-630D-4833-AC78-7276F6B196FC}.Debug|Any CPU.Build.0 = Debug|Any CPU
		{D8B42E16-630D-4833-AC78-7276F6B196FC}.Release|Any CPU.ActiveCfg = Release|Any CPU
		{D8B42E16-630D-4833-AC78-7276F6B196FC}.Release|Any CPU.Build.0 = Release|Any CPU
		{F5C945BD-3A85-42A0-A5AB-973730BE87B2}.Debug|Any CPU.ActiveCfg = Debug|Any CPU
		{F5C945BD-3A85-42A0-A5AB-973730BE87B2}.Debug|Any CPU.Build.0 = Debug|Any CPU
		{F5C945BD-3A85-42A0-A5AB-973730BE87B2}.Release|Any CPU.ActiveCfg = Release|Any CPU
		{F5C945BD-3A85-42A0-A5AB-973730BE87B2}.Release|Any CPU.Build.0 = Release|Any CPU
		{E05820C9-28F7-4EB9-85DA-5ADA7C5B6EFA}.Debug|Any CPU.ActiveCfg = Debug|Any CPU
		{E05820C9-28F7-4EB9-85DA-5ADA7C5B6EFA}.Debug|Any CPU.Build.0 = Debug|Any CPU
		{E05820C9-28F7-4EB9-85DA-5ADA7C5B6EFA}.Release|Any CPU.ActiveCfg = Release|Any CPU
		{E05820C9-28F7-4EB9-85DA-5ADA7C5B6EFA}.Release|Any CPU.Build.0 = Release|Any CPU
		{2D660CB3-DD50-4732-B97F-574074C7717C}.Debug|Any CPU.ActiveCfg = Debug|Any CPU
		{2D660CB3-DD50-4732-B97F-574074C7717C}.Debug|Any CPU.Build.0 = Debug|Any CPU
		{2D660CB3-DD50-4732-B97F-574074C7717C}.Release|Any CPU.ActiveCfg = Release|Any CPU
		{2D660CB3-DD50-4732-B97F-574074C7717C}.Release|Any CPU.Build.0 = Release|Any CPU
		{D7EE1465-79FE-4A8E-87DA-97F85BB28A1A}.Debug|Any CPU.ActiveCfg = Debug|Any CPU
		{D7EE1465-79FE-4A8E-87DA-97F85BB28A1A}.Debug|Any CPU.Build.0 = Debug|Any CPU
		{D7EE1465-79FE-4A8E-87DA-97F85BB28A1A}.Release|Any CPU.ActiveCfg = Release|Any CPU
		{D7EE1465-79FE-4A8E-87DA-97F85BB28A1A}.Release|Any CPU.Build.0 = Release|Any CPU
		{B5EF0BDA-18C1-4818-895F-FE563295255D}.Debug|Any CPU.ActiveCfg = Debug|Any CPU
		{B5EF0BDA-18C1-4818-895F-FE563295255D}.Debug|Any CPU.Build.0 = Debug|Any CPU
		{B5EF0BDA-18C1-4818-895F-FE563295255D}.Release|Any CPU.ActiveCfg = Release|Any CPU
		{B5EF0BDA-18C1-4818-895F-FE563295255D}.Release|Any CPU.Build.0 = Release|Any CPU
		{5ADF4C2F-9910-45A5-947E-FDD6CBCF7BD5}.Debug|Any CPU.ActiveCfg = Debug|Any CPU
		{5ADF4C2F-9910-45A5-947E-FDD6CBCF7BD5}.Debug|Any CPU.Build.0 = Debug|Any CPU
		{5ADF4C2F-9910-45A5-947E-FDD6CBCF7BD5}.Release|Any CPU.ActiveCfg = Release|Any CPU
		{5ADF4C2F-9910-45A5-947E-FDD6CBCF7BD5}.Release|Any CPU.Build.0 = Release|Any CPU
		{0951769B-8DF3-4A0C-BC49-4B75B36F6368}.Debug|Any CPU.ActiveCfg = Debug|Any CPU
		{0951769B-8DF3-4A0C-BC49-4B75B36F6368}.Debug|Any CPU.Build.0 = Debug|Any CPU
		{0951769B-8DF3-4A0C-BC49-4B75B36F6368}.Release|Any CPU.ActiveCfg = Release|Any CPU
		{0951769B-8DF3-4A0C-BC49-4B75B36F6368}.Release|Any CPU.Build.0 = Release|Any CPU
		{E6210133-093D-4121-809B-B8C591CE183C}.Debug|Any CPU.ActiveCfg = Debug|Any CPU
		{E6210133-093D-4121-809B-B8C591CE183C}.Debug|Any CPU.Build.0 = Debug|Any CPU
		{E6210133-093D-4121-809B-B8C591CE183C}.Release|Any CPU.ActiveCfg = Release|Any CPU
		{E6210133-093D-4121-809B-B8C591CE183C}.Release|Any CPU.Build.0 = Release|Any CPU
		{E2357D21-716A-4025-B519-DA8196DC28A7}.Debug|Any CPU.ActiveCfg = Debug|Any CPU
		{E2357D21-716A-4025-B519-DA8196DC28A7}.Debug|Any CPU.Build.0 = Debug|Any CPU
		{E2357D21-716A-4025-B519-DA8196DC28A7}.Release|Any CPU.ActiveCfg = Release|Any CPU
		{E2357D21-716A-4025-B519-DA8196DC28A7}.Release|Any CPU.Build.0 = Release|Any CPU
		{10D37D52-4107-41C5-A044-13176E14D79D}.Debug|Any CPU.ActiveCfg = Debug|Any CPU
		{10D37D52-4107-41C5-A044-13176E14D79D}.Debug|Any CPU.Build.0 = Debug|Any CPU
		{10D37D52-4107-41C5-A044-13176E14D79D}.Release|Any CPU.ActiveCfg = Release|Any CPU
		{10D37D52-4107-41C5-A044-13176E14D79D}.Release|Any CPU.Build.0 = Release|Any CPU
		{7C2BF38B-6F62-4A86-A033-75B8A796D9AE}.Debug|Any CPU.ActiveCfg = Debug|Any CPU
		{7C2BF38B-6F62-4A86-A033-75B8A796D9AE}.Debug|Any CPU.Build.0 = Debug|Any CPU
		{7C2BF38B-6F62-4A86-A033-75B8A796D9AE}.Release|Any CPU.ActiveCfg = Release|Any CPU
		{7C2BF38B-6F62-4A86-A033-75B8A796D9AE}.Release|Any CPU.Build.0 = Release|Any CPU
		{39856CA3-5FDE-4C78-A518-50EACD6F6C62}.Debug|Any CPU.ActiveCfg = Debug|Any CPU
		{39856CA3-5FDE-4C78-A518-50EACD6F6C62}.Debug|Any CPU.Build.0 = Debug|Any CPU
		{39856CA3-5FDE-4C78-A518-50EACD6F6C62}.Release|Any CPU.ActiveCfg = Release|Any CPU
		{39856CA3-5FDE-4C78-A518-50EACD6F6C62}.Release|Any CPU.Build.0 = Release|Any CPU
		{942CB7A5-E7B9-42A8-9C64-09EB925D7895}.Debug|Any CPU.ActiveCfg = Debug|Any CPU
		{942CB7A5-E7B9-42A8-9C64-09EB925D7895}.Debug|Any CPU.Build.0 = Debug|Any CPU
		{942CB7A5-E7B9-42A8-9C64-09EB925D7895}.Release|Any CPU.ActiveCfg = Release|Any CPU
		{942CB7A5-E7B9-42A8-9C64-09EB925D7895}.Release|Any CPU.Build.0 = Release|Any CPU
		{B0A7AA7C-CCEE-4967-B710-2D2820C7E36E}.Debug|Any CPU.ActiveCfg = Debug|Any CPU
		{B0A7AA7C-CCEE-4967-B710-2D2820C7E36E}.Debug|Any CPU.Build.0 = Debug|Any CPU
		{B0A7AA7C-CCEE-4967-B710-2D2820C7E36E}.Release|Any CPU.ActiveCfg = Release|Any CPU
		{B0A7AA7C-CCEE-4967-B710-2D2820C7E36E}.Release|Any CPU.Build.0 = Release|Any CPU
		{FF56AE93-8566-4CE6-812D-5ED62331303B}.Debug|Any CPU.ActiveCfg = Debug|Any CPU
		{FF56AE93-8566-4CE6-812D-5ED62331303B}.Debug|Any CPU.Build.0 = Debug|Any CPU
		{FF56AE93-8566-4CE6-812D-5ED62331303B}.Release|Any CPU.ActiveCfg = Release|Any CPU
		{FF56AE93-8566-4CE6-812D-5ED62331303B}.Release|Any CPU.Build.0 = Release|Any CPU
	EndGlobalSection
	GlobalSection(SolutionProperties) = preSolution
		HideSolutionNode = FALSE
	EndGlobalSection
	GlobalSection(ExtensibilityGlobals) = postSolution
		SolutionGuid = {2DF291AD-D87F-47A4-ADFD-43EED3457107}
	EndGlobalSection
EndGlobal
